
Microsoft Visual Studio Solution File, Format Version 12.00
# Visual Studio Version 17
VisualStudioVersion = 17.5.002.0
MinimumVisualStudioVersion = 10.0.40219.1
Project("{9A19103F-16F7-4668-BE54-9A1E7A4F7556}") = "adivinhaaaa", "adivinhaaaa.csproj", "{7A908DEF-4027-41BC-9C05-FEBF1D1386FB}"
EndProject
Global
	GlobalSection(SolutionConfigurationPlatforms) = preSolution
		Debug|Any CPU = Debug|Any CPU
		Release|Any CPU = Release|Any CPU
	EndGlobalSection
	GlobalSection(ProjectConfigurationPlatforms) = postSolution
		{7A908DEF-4027-41BC-9C05-FEBF1D1386FB}.Debug|Any CPU.ActiveCfg = Debug|Any CPU
		{7A908DEF-4027-41BC-9C05-FEBF1D1386FB}.Debug|Any CPU.Build.0 = Debug|Any CPU
		{7A908DEF-4027-41BC-9C05-FEBF1D1386FB}.Release|Any CPU.ActiveCfg = Release|Any CPU
		{7A908DEF-4027-41BC-9C05-FEBF1D1386FB}.Release|Any CPU.Build.0 = Release|Any CPU
	EndGlobalSection
	GlobalSection(SolutionProperties) = preSolution
		HideSolutionNode = FALSE
	EndGlobalSection
	GlobalSection(ExtensibilityGlobals) = postSolution
		SolutionGuid = {8B68B209-5131-4E3C-AB90-3F3F145EECE3}
	EndGlobalSection
EndGlobal
